{
  "requires": true,
  "lockfileVersion": 1,
  "dependencies": {
    "webpack-sources": {
      "version": "3.2.3",
      "resolved": "http://registry.npm.zhenaioa.com/webpack-sources/-/webpack-sources-3.2.3.tgz",
      "integrity": "sha512-/DyMEOrDgLKKIG0fmvtz+4dUX/3Ghozwgm6iPp8KRhvn+eQf9+Q7GWxVNMk3+uCPWfdXYC4ExGBckIXdFEfH1w==",
      "dev": true
    }
  }
}
